<?xml version="1.0" encoding="utf-8"?>
<Project xmlns="http://schemas.microsoft.com/developer/msbuild/2003">
  <PropertyGroup>
    <ProjectGuid>{A1B2C3D4-E5F6-7890-ABCD-EF1234567890}</ProjectGuid>
    <MainSource>Test.mfc.dpr</MainSource>
    <Config Condition="'$(Config)'==''">Debug</Config>
    <Platform Condition="'$(Platform)'==''">Win32</Platform>
    <Target>Win32</Target>
    <AppType>Console</AppType>
    <DCC_DCCCompiler>dcc32</DCC_DCCCompiler>
  </PropertyGroup>
  <PropertyGroup Condition="'$(Config)'=='Debug'">
    <DCC_Define>DEBUG</DCC_Define>
    <DCC_Optimize>false</DCC_Optimize>
    <DCC_DebugInfoInExe>true</DCC_DebugInfoInExe>
    <DCC_MapFile>3</DCC_MapFile>
  </PropertyGroup>
  <PropertyGroup Condition="'$(Config)'=='Release'">
    <DCC_Define>RELEASE</DCC_Define>
    <DCC_Optimize>true</DCC_Optimize>
    <DCC_DebugInfoInExe>false</DCC_DebugInfoInExe>
    <DCC_LocalDebugSymbols>false</DCC_LocalDebugSymbols>
  </PropertyGroup>
  <ItemGroup>
    <DelphiCompile Include="Test.mfc.dpr">
      <MainSource>MainSource</MainSource>
    </DelphiCompile>
    <DCCReference Include="Source\MF.Migrator.AutoUpdate.pas"/>
    <DCCReference Include="Source\Test.AutoUpdate.pas"/>
  </ItemGroup>
  <Import Project="$(BDS)\Bin\CodeGear.Common.Targets"/>
  <Import Project="$(BDS)\Bin\CodeGear.Delphi.Targets"/>
</Project>